
Microsoft Visual Studio Solution File, Format Version 12.00
# Visual Studio 15
VisualStudioVersion = 15.0.28010.2050
MinimumVisualStudioVersion = 10.0.40219.1
Project("{FAE04EC0-301F-11D3-BF4B-00C04F79EFBC}") = "IdpServer", "IdpServer\IdpServer.csproj", "{9D4AAA0E-D4FC-4F40-A38C-03955A0FD315}"
EndProject
Project("{FAE04EC0-301F-11D3-BF4B-00C04F79EFBC}") = "IdpServer2", "IdpServer2\IdpServer2.csproj", "{06711230-E717-4E36-8BE1-97DAE04023B7}"
EndProject
Global
	GlobalSection(SolutionConfigurationPlatforms) = preSolution
		Debug|Any CPU = Debug|Any CPU
		Release|Any CPU = Release|Any CPU
	EndGlobalSection
	GlobalSection(ProjectConfigurationPlatforms) = postSolution
		{9D4AAA0E-D4FC-4F40-A38C-03955A0FD315}.Debug|Any CPU.ActiveCfg = Debug|Any CPU
		{9D4AAA0E-D4FC-4F40-A38C-03955A0FD315}.Debug|Any CPU.Build.0 = Debug|Any CPU
		{9D4AAA0E-D4FC-4F40-A38C-03955A0FD315}.Release|Any CPU.ActiveCfg = Release|Any CPU
		{9D4AAA0E-D4FC-4F40-A38C-03955A0FD315}.Release|Any CPU.Build.0 = Release|Any CPU
		{06711230-E717-4E36-8BE1-97DAE04023B7}.Debug|Any CPU.ActiveCfg = Debug|Any CPU
		{06711230-E717-4E36-8BE1-97DAE04023B7}.Debug|Any CPU.Build.0 = Debug|Any CPU
		{06711230-E717-4E36-8BE1-97DAE04023B7}.Release|Any CPU.ActiveCfg = Release|Any CPU
		{06711230-E717-4E36-8BE1-97DAE04023B7}.Release|Any CPU.Build.0 = Release|Any CPU
	EndGlobalSection
	GlobalSection(SolutionProperties) = preSolution
		HideSolutionNode = FALSE
	EndGlobalSection
	GlobalSection(ExtensibilityGlobals) = postSolution
		SolutionGuid = {24C258C3-D886-4035-A686-7EB8D83FC4BD}
	EndGlobalSection
EndGlobal
